
Microsoft Visual Studio Solution File, Format Version 12.00
# Visual Studio Version 17
VisualStudioVersion = 17.14.36623.8 d17.14
MinimumVisualStudioVersion = 10.0.40219.1
Project("{FAE04EC0-301F-11D3-BF4B-00C04F79EFBC}") = "ConstructionCalculatorMAUI", "ConstructionCalculatorMAUI.csproj", "{76C6711E-5DA3-4AD5-410E-474180001BA3}"
EndProject
Global
	GlobalSection(SolutionConfigurationPlatforms) = preSolution
		Debug|Any CPU = Debug|Any CPU
		Release|Any CPU = Release|Any CPU
	EndGlobalSection
	GlobalSection(ProjectConfigurationPlatforms) = postSolution
		{76C6711E-5DA3-4AD5-410E-474180001BA3}.Debug|Any CPU.ActiveCfg = Debug|Any CPU
		{76C6711E-5DA3-4AD5-410E-474180001BA3}.Debug|Any CPU.Build.0 = Debug|Any CPU
		{76C6711E-5DA3-4AD5-410E-474180001BA3}.Release|Any CPU.ActiveCfg = Release|Any CPU
		{76C6711E-5DA3-4AD5-410E-474180001BA3}.Release|Any CPU.Build.0 = Release|Any CPU
	EndGlobalSection
	GlobalSection(SolutionProperties) = preSolution
		HideSolutionNode = FALSE
	EndGlobalSection
	GlobalSection(ExtensibilityGlobals) = postSolution
		SolutionGuid = {C928AEE6-5350-4998-80B9-57A686AF81CD}
	EndGlobalSection
EndGlobal
